{
  "name": "arborist",
  "lockfileVersion": 3,
  "requires": true,
  "packages": {
    "": {
      "name": "arborist",
      "dependencies": {
        "@openai/codex-sdk": "*"
      }
    },
    "node_modules/@openai/codex-sdk": {
      "version": "0.92.0",
      "resolved": "https://registry.npmjs.org/@openai/codex-sdk/-/codex-sdk-0.92.0.tgz",
      "integrity": "sha512-3NdbpydiFdhhS5dauv5DrFl0dKwAsN+DvaPGKzuq/IeyEOH+A0af6GnTcvUmjTVAn6JvIf6vToaWKbvRhrI14A==",
      "license": "Apache-2.0",
      "engines": {
        "node": ">=18"
      }
    }
  }
}
